
Microsoft Visual Studio Solution File, Format Version 12.00
# Visual Studio Version 16
VisualStudioVersion = 16.0.30204.135
MinimumVisualStudioVersion = 10.0.40219.1
Project("{9A19103F-16F7-4668-BE54-9A1E7A4F7556}") = "QAProject", "QAProject\QAProject.csproj", "{4115B4E8-76D7-4128-9749-97F9EF774B4E}"
EndProject
Project("{FAE04EC0-301F-11D3-BF4B-00C04F79EFBC}") = "QAProjectMobile", "QAProjectMobile\QAProjectMobile.csproj", "{24329DA8-2A5F-4332-822B-CEC355541381}"
EndProject
Global
	GlobalSection(SolutionConfigurationPlatforms) = preSolution
		Debug|Any CPU = Debug|Any CPU
		Release|Any CPU = Release|Any CPU
	EndGlobalSection
	GlobalSection(ProjectConfigurationPlatforms) = postSolution
		{4115B4E8-76D7-4128-9749-97F9EF774B4E}.Debug|Any CPU.ActiveCfg = Debug|Any CPU
		{4115B4E8-76D7-4128-9749-97F9EF774B4E}.Debug|Any CPU.Build.0 = Debug|Any CPU
		{4115B4E8-76D7-4128-9749-97F9EF774B4E}.Release|Any CPU.ActiveCfg = Release|Any CPU
		{4115B4E8-76D7-4128-9749-97F9EF774B4E}.Release|Any CPU.Build.0 = Release|Any CPU
		{24329DA8-2A5F-4332-822B-CEC355541381}.Debug|Any CPU.ActiveCfg = Debug|Any CPU
		{24329DA8-2A5F-4332-822B-CEC355541381}.Debug|Any CPU.Build.0 = Debug|Any CPU
		{24329DA8-2A5F-4332-822B-CEC355541381}.Release|Any CPU.ActiveCfg = Release|Any CPU
		{24329DA8-2A5F-4332-822B-CEC355541381}.Release|Any CPU.Build.0 = Release|Any CPU
	EndGlobalSection
	GlobalSection(SolutionProperties) = preSolution
		HideSolutionNode = FALSE
	EndGlobalSection
	GlobalSection(ExtensibilityGlobals) = postSolution
		SolutionGuid = {246D71F5-77D4-438D-89BB-5BE8D4C8DA45}
	EndGlobalSection
EndGlobal
